{
  "name": "HIST5706-F-fall2026",
  "lockfileVersion": 3,
  "requires": true,
  "packages": {
    "": {
      "dependencies": {
        "apple-fm": "^1.2.0"
      }
    },
    "node_modules/apple-fm": {
      "version": "1.2.0",
      "resolved": "https://registry.npmjs.org/apple-fm/-/apple-fm-1.2.0.tgz",
      "integrity": "sha512-coQBphvYq8OtqlD1SOfyoGqV6DmYqOciRr52SopbfRTxS/UpTz+KyMmmkBjrTjVdxB66Qah8TynsW1vny8FcsA==",
      "license": "MIT",
      "bin": {
        "apple-fm": "dist/cli.js"
      },
      "engines": {
        "node": ">=20"
      }
    }
  }
}
